
Microsoft Visual Studio Solution File, Format Version 11.00
# Visual Studio 2010
Project("{8BC9CEB8-8B4A-11D0-8D11-00A0C91BC942}") = "opusdec", "src\opusdec.vcxproj", "{26A9EEB4-030D-52F5-8999-7479F39B0420}"
EndProject
Project("{8BC9CEB8-8B4A-11D0-8D11-00A0C91BC942}") = "opusenc", "src\opusenc.vcxproj", "{0A40D595-3CCF-C117-31DC-2AC7A03419AF}"
EndProject
Project("{8BC9CEB8-8B4A-11D0-8D11-00A0C91BC942}") = "opusinfo", "src\opusinfo.vcxproj", "{63B119F8-86A2-2F2A-FBA5-E10744E703CB}"
EndProject
Global
	GlobalSection(SolutionConfigurationPlatforms) = preSolution
		Debug|Win32 = Debug|Win32
		Release|Win32 = Release|Win32
	EndGlobalSection
	GlobalSection(ProjectConfigurationPlatforms) = postSolution
		{26A9EEB4-030D-52F5-8999-7479F39B0420}.Debug|Win32.ActiveCfg = Debug|Win32
		{26A9EEB4-030D-52F5-8999-7479F39B0420}.Debug|Win32.Build.0 = Debug|Win32
		{26A9EEB4-030D-52F5-8999-7479F39B0420}.Release|Win32.ActiveCfg = Release|Win32
		{26A9EEB4-030D-52F5-8999-7479F39B0420}.Release|Win32.Build.0 = Release|Win32
		{0A40D595-3CCF-C117-31DC-2AC7A03419AF}.Debug|Win32.ActiveCfg = Debug|Win32
		{0A40D595-3CCF-C117-31DC-2AC7A03419AF}.Debug|Win32.Build.0 = Debug|Win32
		{0A40D595-3CCF-C117-31DC-2AC7A03419AF}.Release|Win32.ActiveCfg = Release|Win32
		{0A40D595-3CCF-C117-31DC-2AC7A03419AF}.Release|Win32.Build.0 = Release|Win32
		{63B119F8-86A2-2F2A-FBA5-E10744E703CB}.Debug|Win32.ActiveCfg = Debug|Win32
		{63B119F8-86A2-2F2A-FBA5-E10744E703CB}.Debug|Win32.Build.0 = Debug|Win32
		{63B119F8-86A2-2F2A-FBA5-E10744E703CB}.Release|Win32.ActiveCfg = Release|Win32
		{63B119F8-86A2-2F2A-FBA5-E10744E703CB}.Release|Win32.Build.0 = Release|Win32
	EndGlobalSection
	GlobalSection(SolutionProperties) = preSolution
		HideSolutionNode = FALSE
	EndGlobalSection
EndGlobal
