<?xml version="1.0" encoding="utf-8"?>
<Project ToolsVersion="4.0" xmlns="http://schemas.microsoft.com/developer/msbuild/2003">
  <ItemGroup>
    <Filter Include="Header Files">
      <UniqueIdentifier>{9151be1a-eb66-4999-80bf-86a9a9850aad}</UniqueIdentifier>
      <Extensions>h;hpp;hxx;hm;inl;inc;xsd</Extensions>
    </Filter>
    <Filter Include="Source Files">
      <UniqueIdentifier>{6002a8c5-eecb-40c8-b815-523357c42aeb}</UniqueIdentifier>
      <Extensions>cpp;c;cc;cxx;def;odl;idl;hpj;bat;asm;asmx</Extensions>
    </Filter>
  </ItemGroup>
  <ItemGroup>
    <ClCompile Include="wave_out.c">
      <Filter>Source Files</Filter>
    </ClCompile>
    <ClCompile Include="audio-in.c">
      <Filter>Source Files</Filter>
    </ClCompile>
    <ClCompile Include="diag_range.c">
      <Filter>Source Files</Filter>
    </ClCompile>
    <ClCompile Include="info_opus.c">
      <Filter>Source Files</Filter>
    </ClCompile>
    <ClCompile Include="lpc.c">
      <Filter>Source Files</Filter>
    </ClCompile>
    <ClCompile Include="opus_header.c">
      <Filter>Source Files</Filter>
    </ClCompile>
    <ClCompile Include="opusinfo.c">
      <Filter>Source Files</Filter>
    </ClCompile>
    <ClCompile Include="picture.c">
      <Filter>Source Files</Filter>
    </ClCompile>
    <ClCompile Include="resample.c">
      <Filter>Source Files</Filter>
    </ClCompile>
    <ClCompile Include="wav_io.c">
      <Filter>Source Files</Filter>
    </ClCompile>
    <ClCompile Include="..\share\getopt.c">
      <Filter>Source Files</Filter>
    </ClCompile>
    <ClCompile Include="..\share\getopt1.c">
      <Filter>Source Files</Filter>
    </ClCompile>
    <ClCompile Include="..\win32\unicode_support.c">
      <Filter>Source Files</Filter>
    </ClCompile>
    <ClCompile Include="flac.c">
      <Filter>Source Files</Filter>
    </ClCompile>
  </ItemGroup>
  <ItemGroup>
    <ClInclude Include="opus_header.h">
      <Filter>Header Files</Filter>
    </ClInclude>
    <ClInclude Include="opusenc.h">
      <Filter>Header Files</Filter>
    </ClInclude>
    <ClInclude Include="opusinfo.h">
      <Filter>Header Files</Filter>
    </ClInclude>
    <ClInclude Include="os_support.h">
      <Filter>Header Files</Filter>
    </ClInclude>
    <ClInclude Include="picture.h">
      <Filter>Header Files</Filter>
    </ClInclude>
    <ClInclude Include="speex_resampler.h">
      <Filter>Header Files</Filter>
    </ClInclude>
    <ClInclude Include="stack_alloc.h">
      <Filter>Header Files</Filter>
    </ClInclude>
    <ClInclude Include="wav_io.h">
      <Filter>Header Files</Filter>
    </ClInclude>
    <ClInclude Include="wave_out.h">
      <Filter>Header Files</Filter>
    </ClInclude>
    <ClInclude Include="arch.h">
      <Filter>Header Files</Filter>
    </ClInclude>
    <ClInclude Include="diag_range.h">
      <Filter>Header Files</Filter>
    </ClInclude>
    <ClInclude Include="info_opus.h">
      <Filter>Header Files</Filter>
    </ClInclude>
    <ClInclude Include="lpc.h">
      <Filter>Header Files</Filter>
    </ClInclude>
    <ClInclude Include="resample_sse.h">
      <Filter>Header Files</Filter>
    </ClInclude>
    <ClInclude Include="..\win32\config.h">
      <Filter>Header Files</Filter>
    </ClInclude>
    <ClInclude Include="..\win32\unicode_support.h">
      <Filter>Header Files</Filter>
    </ClInclude>
    <ClInclude Include="flac.h">
      <Filter>Header Files</Filter>
    </ClInclude>
  </ItemGroup>
</Project>
